// !$*UTF8*$!
{
	archiveVersion = 1;
	classes = {
	};
	objectVersion = 51;
	objects = {

/* Begin PBXBuildFile section */
		390E616542220F9678A47E0A /* Pods_SwiftShow.framework in Frameworks */ = {isa = PBXBuildFile; fileRef = 203AE3449E482FF178CFB7D4 /* Pods_SwiftShow.framework */; };
		81E146F623EA60A900011CDB /* AppDelegate.swift in Sources */ = {isa = PBXBuildFile; fileRef = 81E146F523EA60A900011CDB /* AppDelegate.swift */; };
		81E146F823EA60A900011CDB /* SceneDelegate.swift in Sources */ = {isa = PBXBuildFile; fileRef = 81E146F723EA60A900011CDB /* SceneDelegate.swift */; };
		81E146FA23EA60A900011CDB /* ViewController.swift in Sources */ = {isa = PBXBuildFile; fileRef = 81E146F923EA60A900011CDB /* ViewController.swift */; };
		81E146FD23EA60A900011CDB /* Main.storyboard in Resources */ = {isa = PBXBuildFile; fileRef = 81E146FB23EA60A900011CDB /* Main.storyboard */; };
		81E146FF23EA60AD00011CDB /* Assets.xcassets in Resources */ = {isa = PBXBuildFile; fileRef = 81E146FE23EA60AD00011CDB /* Assets.xcassets */; };
		81E1470223EA60AD00011CDB /* LaunchScreen.storyboard in Resources */ = {isa = PBXBuildFile; fileRef = 81E1470023EA60AD00011CDB /* LaunchScreen.storyboard */; };
		81E1471023EA61A100011CDB /* Show.swift in Sources */ = {isa = PBXBuildFile; fileRef = 81E1470A23EA61A100011CDB /* Show.swift */; };
		81E1471123EA61A100011CDB /* ToastView.swift in Sources */ = {isa = PBXBuildFile; fileRef = 81E1470B23EA61A100011CDB /* ToastView.swift */; };
		81E1471223EA61A100011CDB /* PopView.swift in Sources */ = {isa = PBXBuildFile; fileRef = 81E1470C23EA61A100011CDB /* PopView.swift */; };
		81E1471423EA61A100011CDB /* LoadingView.swift in Sources */ = {isa = PBXBuildFile; fileRef = 81E1470E23EA61A100011CDB /* LoadingView.swift */; };
		81E1471823F13FA400011CDB /* AlertView.swift in Sources */ = {isa = PBXBuildFile; fileRef = 81E1471723F13FA400011CDB /* AlertView.swift */; };
		81F9C0262447F90200DA08E6 /* Config.swift in Sources */ = {isa = PBXBuildFile; fileRef = 81F9C0252447F90200DA08E6 /* Config.swift */; };
/* End PBXBuildFile section */

/* Begin PBXFileReference section */
		203AE3449E482FF178CFB7D4 /* Pods_SwiftShow.framework */ = {isa = PBXFileReference; explicitFileType = wrapper.framework; includeInIndex = 0; path = Pods_SwiftShow.framework; sourceTree = BUILT_PRODUCTS_DIR; };
		43D2D768D42F5500D7D34E2F /* Pods-SwiftShow.debug.xcconfig */ = {isa = PBXFileReference; includeInIndex = 1; lastKnownFileType = text.xcconfig; name = "Pods-SwiftShow.debug.xcconfig"; path = "Target Support Files/Pods-SwiftShow/Pods-SwiftShow.debug.xcconfig"; sourceTree = "<group>"; };
		81E146F223EA60A900011CDB /* SwiftShow.app */ = {isa = PBXFileReference; explicitFileType = wrapper.application; includeInIndex = 0; path = SwiftShow.app; sourceTree = BUILT_PRODUCTS_DIR; };
		81E146F523EA60A900011CDB /* AppDelegate.swift */ = {isa = PBXFileReference; lastKnownFileType = sourcecode.swift; path = AppDelegate.swift; sourceTree = "<group>"; };
		81E146F723EA60A900011CDB /* SceneDelegate.swift */ = {isa = PBXFileReference; lastKnownFileType = sourcecode.swift; path = SceneDelegate.swift; sourceTree = "<group>"; };
		81E146F923EA60A900011CDB /* ViewController.swift */ = {isa = PBXFileReference; lastKnownFileType = sourcecode.swift; path = ViewController.swift; sourceTree = "<group>"; };
		81E146FC23EA60A900011CDB /* Base */ = {isa = PBXFileReference; lastKnownFileType = file.storyboard; name = Base; path = Base.lproj/Main.storyboard; sourceTree = "<group>"; };
		81E146FE23EA60AD00011CDB /* Assets.xcassets */ = {isa = PBXFileReference; lastKnownFileType = folder.assetcatalog; path = Assets.xcassets; sourceTree = "<group>"; };
		81E1470123EA60AD00011CDB /* Base */ = {isa = PBXFileReference; lastKnownFileType = file.storyboard; name = Base; path = Base.lproj/LaunchScreen.storyboard; sourceTree = "<group>"; };
		81E1470323EA60AD00011CDB /* Info.plist */ = {isa = PBXFileReference; lastKnownFileType = text.plist.xml; path = Info.plist; sourceTree = "<group>"; };
		81E1470A23EA61A100011CDB /* Show.swift */ = {isa = PBXFileReference; fileEncoding = 4; lastKnownFileType = sourcecode.swift; path = Show.swift; sourceTree = "<group>"; };
		81E1470B23EA61A100011CDB /* ToastView.swift */ = {isa = PBXFileReference; fileEncoding = 4; lastKnownFileType = sourcecode.swift; path = ToastView.swift; sourceTree = "<group>"; };
		81E1470C23EA61A100011CDB /* PopView.swift */ = {isa = PBXFileReference; fileEncoding = 4; lastKnownFileType = sourcecode.swift; path = PopView.swift; sourceTree = "<group>"; };
		81E1470E23EA61A100011CDB /* LoadingView.swift */ = {isa = PBXFileReference; fileEncoding = 4; lastKnownFileType = sourcecode.swift; path = LoadingView.swift; sourceTree = "<group>"; };
		81E1471723F13FA400011CDB /* AlertView.swift */ = {isa = PBXFileReference; lastKnownFileType = sourcecode.swift; path = AlertView.swift; sourceTree = "<group>"; };
		81F9C0252447F90200DA08E6 /* Config.swift */ = {isa = PBXFileReference; lastKnownFileType = sourcecode.swift; path = Config.swift; sourceTree = "<group>"; };
		931E0F869142200241A76A04 /* Pods-SwiftDialog.release.xcconfig */ = {isa = PBXFileReference; includeInIndex = 1; lastKnownFileType = text.xcconfig; name = "Pods-SwiftDialog.release.xcconfig"; path = "Target Support Files/Pods-SwiftDialog/Pods-SwiftDialog.release.xcconfig"; sourceTree = "<group>"; };
		A601751F395990634DB11AF2 /* Pods-SwiftDialog.debug.xcconfig */ = {isa = PBXFileReference; includeInIndex = 1; lastKnownFileType = text.xcconfig; name = "Pods-SwiftDialog.debug.xcconfig"; path = "Target Support Files/Pods-SwiftDialog/Pods-SwiftDialog.debug.xcconfig"; sourceTree = "<group>"; };
		F77A17946B595C589C8ED85C /* Pods-SwiftShow.release.xcconfig */ = {isa = PBXFileReference; includeInIndex = 1; lastKnownFileType = text.xcconfig; name = "Pods-SwiftShow.release.xcconfig"; path = "Target Support Files/Pods-SwiftShow/Pods-SwiftShow.release.xcconfig"; sourceTree = "<group>"; };
/* End PBXFileReference section */

/* Begin PBXFrameworksBuildPhase section */
		81E146EF23EA60A900011CDB /* Frameworks */ = {
			isa = PBXFrameworksBuildPhase;
			buildActionMask = 2147483647;
			files = (
				390E616542220F9678A47E0A /* Pods_SwiftShow.framework in Frameworks */,
			);
			runOnlyForDeploymentPostprocessing = 0;
		};
/* End PBXFrameworksBuildPhase section */

/* Begin PBXGroup section */
		380AAB871FE4CBF5F6EB9B37 /* Pods */ = {
			isa = PBXGroup;
			children = (
				A601751F395990634DB11AF2 /* Pods-SwiftDialog.debug.xcconfig */,
				931E0F869142200241A76A04 /* Pods-SwiftDialog.release.xcconfig */,
				43D2D768D42F5500D7D34E2F /* Pods-SwiftShow.debug.xcconfig */,
				F77A17946B595C589C8ED85C /* Pods-SwiftShow.release.xcconfig */,
			);
			path = Pods;
			sourceTree = "<group>";
		};
		4BBD959A3550ECE5D667A18F /* Frameworks */ = {
			isa = PBXGroup;
			children = (
				203AE3449E482FF178CFB7D4 /* Pods_SwiftShow.framework */,
			);
			name = Frameworks;
			sourceTree = "<group>";
		};
		81E146E923EA60A900011CDB = {
			isa = PBXGroup;
			children = (
				81E146F423EA60A900011CDB /* SwiftShow */,
				81E146F323EA60A900011CDB /* Products */,
				380AAB871FE4CBF5F6EB9B37 /* Pods */,
				4BBD959A3550ECE5D667A18F /* Frameworks */,
			);
			sourceTree = "<group>";
		};
		81E146F323EA60A900011CDB /* Products */ = {
			isa = PBXGroup;
			children = (
				81E146F223EA60A900011CDB /* SwiftShow.app */,
			);
			name = Products;
			sourceTree = "<group>";
		};
		81E146F423EA60A900011CDB /* SwiftShow */ = {
			isa = PBXGroup;
			children = (
				81E1470923EA618100011CDB /* Class */,
				81E146F523EA60A900011CDB /* AppDelegate.swift */,
				81E146F723EA60A900011CDB /* SceneDelegate.swift */,
				81E146F923EA60A900011CDB /* ViewController.swift */,
				81E146FB23EA60A900011CDB /* Main.storyboard */,
				81E146FE23EA60AD00011CDB /* Assets.xcassets */,
				81E1470023EA60AD00011CDB /* LaunchScreen.storyboard */,
				81E1470323EA60AD00011CDB /* Info.plist */,
			);
			path = SwiftShow;
			sourceTree = "<group>";
		};
		81E1470923EA618100011CDB /* Class */ = {
			isa = PBXGroup;
			children = (
				81E1470A23EA61A100011CDB /* Show.swift */,
				81F9C0252447F90200DA08E6 /* Config.swift */,
				81E1470B23EA61A100011CDB /* ToastView.swift */,
				81E1470E23EA61A100011CDB /* LoadingView.swift */,
				81E1471723F13FA400011CDB /* AlertView.swift */,
				81E1470C23EA61A100011CDB /* PopView.swift */,
			);
			path = Class;
			sourceTree = "<group>";
		};
/* End PBXGroup section */

/* Begin PBXNativeTarget section */
		81E146F123EA60A900011CDB /* SwiftShow */ = {
			isa = PBXNativeTarget;
			buildConfigurationList = 81E1470623EA60AD00011CDB /* Build configuration list for PBXNativeTarget "SwiftShow" */;
			buildPhases = (
				5C6C2B6B45BDFFB040DA58E4 /* [CP] Check Pods Manifest.lock */,
				81E146EE23EA60A900011CDB /* Sources */,
				81E146EF23EA60A900011CDB /* Frameworks */,
				81E146F023EA60A900011CDB /* Resources */,
				8F4513AEDA994F1AC844850A /* [CP] Embed Pods Frameworks */,
			);
			buildRules = (
			);
			dependencies = (
			);
			name = SwiftShow;
			productName = SwiftDialog;
			productReference = 81E146F223EA60A900011CDB /* SwiftShow.app */;
			productType = "com.apple.product-type.application";
		};
/* End PBXNativeTarget section */

/* Begin PBXProject section */
		81E146EA23EA60A900011CDB /* Project object */ = {
			isa = PBXProject;
			attributes = {
				LastSwiftUpdateCheck = 1130;
				LastUpgradeCheck = 1130;
				ORGANIZATIONNAME = iOS;
				TargetAttributes = {
					81E146F123EA60A900011CDB = {
						CreatedOnToolsVersion = 11.3.1;
					};
				};
			};
			buildConfigurationList = 81E146ED23EA60A900011CDB /* Build configuration list for PBXProject "SwiftShow" */;
			compatibilityVersion = "Xcode 9.3";
			developmentRegion = en;
			hasScannedForEncodings = 0;
			knownRegions = (
				en,
				Base,
			);
			mainGroup = 81E146E923EA60A900011CDB;
			productRefGroup = 81E146F323EA60A900011CDB /* Products */;
			projectDirPath = "";
			projectRoot = "";
			targets = (
				81E146F123EA60A900011CDB /* SwiftShow */,
			);
		};
/* End PBXProject section */

/* Begin PBXResourcesBuildPhase section */
		81E146F023EA60A900011CDB /* Resources */ = {
			isa = PBXResourcesBuildPhase;
			buildActionMask = 2147483647;
			files = (
				81E1470223EA60AD00011CDB /* LaunchScreen.storyboard in Resources */,
				81E146FF23EA60AD00011CDB /* Assets.xcassets in Resources */,
				81E146FD23EA60A900011CDB /* Main.storyboard in Resources */,
			);
			runOnlyForDeploymentPostprocessing = 0;
		};
/* End PBXResourcesBuildPhase section */

/* Begin PBXShellScriptBuildPhase section */
		5C6C2B6B45BDFFB040DA58E4 /* [CP] Check Pods Manifest.lock */ = {
			isa = PBXShellScriptBuildPhase;
			buildActionMask = 2147483647;
			files = (
			);
			inputFileListPaths = (
			);
			inputPaths = (
				"${PODS_PODFILE_DIR_PATH}/Podfile.lock",
				"${PODS_ROOT}/Manifest.lock",
			);
			name = "[CP] Check Pods Manifest.lock";
			outputFileListPaths = (
			);
			outputPaths = (
				"$(DERIVED_FILE_DIR)/Pods-SwiftShow-checkManifestLockResult.txt",
			);
			runOnlyForDeploymentPostprocessing = 0;
			shellPath = /bin/sh;
			shellScript = "diff \"${PODS_PODFILE_DIR_PATH}/Podfile.lock\" \"${PODS_ROOT}/Manifest.lock\" > /dev/null\nif [ $? != 0 ] ; then\n    # print error to STDERR\n    echo \"error: The sandbox is not in sync with the Podfile.lock. Run 'pod install' or update your CocoaPods installation.\" >&2\n    exit 1\nfi\n# This output is used by Xcode 'outputs' to avoid re-running this script phase.\necho \"SUCCESS\" > \"${SCRIPT_OUTPUT_FILE_0}\"\n";
			showEnvVarsInLog = 0;
		};
		8F4513AEDA994F1AC844850A /* [CP] Embed Pods Frameworks */ = {
			isa = PBXShellScriptBuildPhase;
			buildActionMask = 2147483647;
			files = (
			);
			inputFileListPaths = (
				"${PODS_ROOT}/Target Support Files/Pods-SwiftShow/Pods-SwiftShow-frameworks-${CONFIGURATION}-input-files.xcfilelist",
			);
			name = "[CP] Embed Pods Frameworks";
			outputFileListPaths = (
				"${PODS_ROOT}/Target Support Files/Pods-SwiftShow/Pods-SwiftShow-frameworks-${CONFIGURATION}-output-files.xcfilelist",
			);
			runOnlyForDeploymentPostprocessing = 0;
			shellPath = /bin/sh;
			shellScript = "\"${PODS_ROOT}/Target Support Files/Pods-SwiftShow/Pods-SwiftShow-frameworks.sh\"\n";
			showEnvVarsInLog = 0;
		};
/* End PBXShellScriptBuildPhase section */

/* Begin PBXSourcesBuildPhase section */
		81E146EE23EA60A900011CDB /* Sources */ = {
			isa = PBXSourcesBuildPhase;
			buildActionMask = 2147483647;
			files = (
				81E146FA23EA60A900011CDB /* ViewController.swift in Sources */,
				81E146F623EA60A900011CDB /* AppDelegate.swift in Sources */,
				81F9C0262447F90200DA08E6 /* Config.swift in Sources */,
				81E1471823F13FA400011CDB /* AlertView.swift in Sources */,
				81E1471023EA61A100011CDB /* Show.swift in Sources */,
				81E146F823EA60A900011CDB /* SceneDelegate.swift in Sources */,
				81E1471423EA61A100011CDB /* LoadingView.swift in Sources */,
				81E1471223EA61A100011CDB /* PopView.swift in Sources */,
				81E1471123EA61A100011CDB /* ToastView.swift in Sources */,
			);
			runOnlyForDeploymentPostprocessing = 0;
		};
/* End PBXSourcesBuildPhase section */

/* Begin PBXVariantGroup section */
		81E146FB23EA60A900011CDB /* Main.storyboard */ = {
			isa = PBXVariantGroup;
			children = (
				81E146FC23EA60A900011CDB /* Base */,
			);
			name = Main.storyboard;
			sourceTree = "<group>";
		};
		81E1470023EA60AD00011CDB /* LaunchScreen.storyboard */ = {
			isa = PBXVariantGroup;
			children = (
				81E1470123EA60AD00011CDB /* Base */,
			);
			name = LaunchScreen.storyboard;
			sourceTree = "<group>";
		};
/* End PBXVariantGroup section */

/* Begin XCBuildConfiguration section */
		81E1470423EA60AD00011CDB /* Debug */ = {
			isa = XCBuildConfiguration;
			buildSettings = {
				ALWAYS_SEARCH_USER_PATHS = NO;
				CLANG_ANALYZER_NONNULL = YES;
				CLANG_ANALYZER_NUMBER_OBJECT_CONVERSION = YES_AGGRESSIVE;
				CLANG_CXX_LANGUAGE_STANDARD = "gnu++14";
				CLANG_CXX_LIBRARY = "libc++";
				CLANG_ENABLE_MODULES = YES;
				CLANG_ENABLE_OBJC_ARC = YES;
				CLANG_ENABLE_OBJC_WEAK = YES;
				CLANG_WARN_BLOCK_CAPTURE_AUTORELEASING = YES;
				CLANG_WARN_BOOL_CONVERSION = YES;
				CLANG_WARN_COMMA = YES;
				CLANG_WARN_CONSTANT_CONVERSION = YES;
				CLANG_WARN_DEPRECATED_OBJC_IMPLEMENTATIONS = YES;
				CLANG_WARN_DIRECT_OBJC_ISA_USAGE = YES_ERROR;
				CLANG_WARN_DOCUMENTATION_COMMENTS = YES;
				CLANG_WARN_EMPTY_BODY = YES;
				CLANG_WARN_ENUM_CONVERSION = YES;
				CLANG_WARN_INFINITE_RECURSION = YES;
				CLANG_WARN_INT_CONVERSION = YES;
				CLANG_WARN_NON_LITERAL_NULL_CONVERSION = YES;
				CLANG_WARN_OBJC_IMPLICIT_RETAIN_SELF = YES;
				CLANG_WARN_OBJC_LITERAL_CONVERSION = YES;
				CLANG_WARN_OBJC_ROOT_CLASS = YES_ERROR;
				CLANG_WARN_RANGE_LOOP_ANALYSIS = YES;
				CLANG_WARN_STRICT_PROTOTYPES = YES;
				CLANG_WARN_SUSPICIOUS_MOVE = YES;
				CLANG_WARN_UNGUARDED_AVAILABILITY = YES_AGGRESSIVE;
				CLANG_WARN_UNREACHABLE_CODE = YES;
				CLANG_WARN__DUPLICATE_METHOD_MATCH = YES;
				COPY_PHASE_STRIP = NO;
				DEBUG_INFORMATION_FORMAT = dwarf;
				ENABLE_STRICT_OBJC_MSGSEND = YES;
				ENABLE_TESTABILITY = YES;
				GCC_C_LANGUAGE_STANDARD = gnu11;
				GCC_DYNAMIC_NO_PIC = NO;
				GCC_NO_COMMON_BLOCKS = YES;
				GCC_OPTIMIZATION_LEVEL = 0;
				GCC_PREPROCESSOR_DEFINITIONS = (
					"DEBUG=1",
					"$(inherited)",
				);
				GCC_WARN_64_TO_32_BIT_CONVERSION = YES;
				GCC_WARN_ABOUT_RETURN_TYPE = YES_ERROR;
				GCC_WARN_UNDECLARED_SELECTOR = YES;
				GCC_WARN_UNINITIALIZED_AUTOS = YES_AGGRESSIVE;
				GCC_WARN_UNUSED_FUNCTION = YES;
				GCC_WARN_UNUSED_VARIABLE = YES;
				IPHONEOS_DEPLOYMENT_TARGET = 13.2;
				MTL_ENABLE_DEBUG_INFO = INCLUDE_SOURCE;
				MTL_FAST_MATH = YES;
				ONLY_ACTIVE_ARCH = YES;
				SDKROOT = iphoneos;
				SWIFT_ACTIVE_COMPILATION_CONDITIONS = DEBUG;
				SWIFT_OPTIMIZATION_LEVEL = "-Onone";
			};
			name = Debug;
		};
		81E1470523EA60AD00011CDB /* Release */ = {
			isa = XCBuildConfiguration;
			buildSettings = {
				ALWAYS_SEARCH_USER_PATHS = NO;
				CLANG_ANALYZER_NONNULL = YES;
				CLANG_ANALYZER_NUMBER_OBJECT_CONVERSION = YES_AGGRESSIVE;
				CLANG_CXX_LANGUAGE_STANDARD = "gnu++14";
				CLANG_CXX_LIBRARY = "libc++";
				CLANG_ENABLE_MODULES = YES;
				CLANG_ENABLE_OBJC_ARC = YES;
				CLANG_ENABLE_OBJC_WEAK = YES;
				CLANG_WARN_BLOCK_CAPTURE_AUTORELEASING = YES;
				CLANG_WARN_BOOL_CONVERSION = YES;
				CLANG_WARN_COMMA = YES;
				CLANG_WARN_CONSTANT_CONVERSION = YES;
				CLANG_WARN_DEPRECATED_OBJC_IMPLEMENTATIONS = YES;
				CLANG_WARN_DIRECT_OBJC_ISA_USAGE = YES_ERROR;
				CLANG_WARN_DOCUMENTATION_COMMENTS = YES;
				CLANG_WARN_EMPTY_BODY = YES;
				CLANG_WARN_ENUM_CONVERSION = YES;
				CLANG_WARN_INFINITE_RECURSION = YES;
				CLANG_WARN_INT_CONVERSION = YES;
				CLANG_WARN_NON_LITERAL_NULL_CONVERSION = YES;
				CLANG_WARN_OBJC_IMPLICIT_RETAIN_SELF = YES;
				CLANG_WARN_OBJC_LITERAL_CONVERSION = YES;
				CLANG_WARN_OBJC_ROOT_CLASS = YES_ERROR;
				CLANG_WARN_RANGE_LOOP_ANALYSIS = YES;
				CLANG_WARN_STRICT_PROTOTYPES = YES;
				CLANG_WARN_SUSPICIOUS_MOVE = YES;
				CLANG_WARN_UNGUARDED_AVAILABILITY = YES_AGGRESSIVE;
				CLANG_WARN_UNREACHABLE_CODE = YES;
				CLANG_WARN__DUPLICATE_METHOD_MATCH = YES;
				COPY_PHASE_STRIP = NO;
				DEBUG_INFORMATION_FORMAT = "dwarf-with-dsym";
				ENABLE_NS_ASSERTIONS = NO;
				ENABLE_STRICT_OBJC_MSGSEND = YES;
				GCC_C_LANGUAGE_STANDARD = gnu11;
				GCC_NO_COMMON_BLOCKS = YES;
				GCC_WARN_64_TO_32_BIT_CONVERSION = YES;
				GCC_WARN_ABOUT_RETURN_TYPE = YES_ERROR;
				GCC_WARN_UNDECLARED_SELECTOR = YES;
				GCC_WARN_UNINITIALIZED_AUTOS = YES_AGGRESSIVE;
				GCC_WARN_UNUSED_FUNCTION = YES;
				GCC_WARN_UNUSED_VARIABLE = YES;
				IPHONEOS_DEPLOYMENT_TARGET = 13.2;
				MTL_ENABLE_DEBUG_INFO = NO;
				MTL_FAST_MATH = YES;
				SDKROOT = iphoneos;
				SWIFT_COMPILATION_MODE = wholemodule;
				SWIFT_OPTIMIZATION_LEVEL = "-O";
				VALIDATE_PRODUCT = YES;
			};
			name = Release;
		};
		81E1470723EA60AD00011CDB /* Debug */ = {
			isa = XCBuildConfiguration;
			baseConfigurationReference = 43D2D768D42F5500D7D34E2F /* Pods-SwiftShow.debug.xcconfig */;
			buildSettings = {
				ASSETCATALOG_COMPILER_APPICON_NAME = AppIcon;
				CODE_SIGN_STYLE = Automatic;
				DEVELOPMENT_TEAM = D9SM92ZY2A;
				INFOPLIST_FILE = SwiftShow/Info.plist;
				IPHONEOS_DEPLOYMENT_TARGET = 11.0;
				LD_RUNPATH_SEARCH_PATHS = (
					"$(inherited)",
					"@executable_path/Frameworks",
				);
				PRODUCT_BUNDLE_IDENTIFIER = com.hu.show.SwiftDialog;
				PRODUCT_NAME = "$(TARGET_NAME)";
				SWIFT_VERSION = 5.0;
				TARGETED_DEVICE_FAMILY = "1,2";
			};
			name = Debug;
		};
		81E1470823EA60AD00011CDB /* Release */ = {
			isa = XCBuildConfiguration;
			baseConfigurationReference = F77A17946B595C589C8ED85C /* Pods-SwiftShow.release.xcconfig */;
			buildSettings = {
				ASSETCATALOG_COMPILER_APPICON_NAME = AppIcon;
				CODE_SIGN_STYLE = Automatic;
				DEVELOPMENT_TEAM = D9SM92ZY2A;
				INFOPLIST_FILE = SwiftShow/Info.plist;
				IPHONEOS_DEPLOYMENT_TARGET = 11.0;
				LD_RUNPATH_SEARCH_PATHS = (
					"$(inherited)",
					"@executable_path/Frameworks",
				);
				PRODUCT_BUNDLE_IDENTIFIER = com.hu.show.SwiftDialog;
				PRODUCT_NAME = "$(TARGET_NAME)";
				SWIFT_VERSION = 5.0;
				TARGETED_DEVICE_FAMILY = "1,2";
			};
			name = Release;
		};
/* End XCBuildConfiguration section */

/* Begin XCConfigurationList section */
		81E146ED23EA60A900011CDB /* Build configuration list for PBXProject "SwiftShow" */ = {
			isa = XCConfigurationList;
			buildConfigurations = (
				81E1470423EA60AD00011CDB /* Debug */,
				81E1470523EA60AD00011CDB /* Release */,
			);
			defaultConfigurationIsVisible = 0;
			defaultConfigurationName = Release;
		};
		81E1470623EA60AD00011CDB /* Build configuration list for PBXNativeTarget "SwiftShow" */ = {
			isa = XCConfigurationList;
			buildConfigurations = (
				81E1470723EA60AD00011CDB /* Debug */,
				81E1470823EA60AD00011CDB /* Release */,
			);
			defaultConfigurationIsVisible = 0;
			defaultConfigurationName = Release;
		};
/* End XCConfigurationList section */
	};
	rootObject = 81E146EA23EA60A900011CDB /* Project object */;
}
