PODS:
  - IQKeyboardManagerSwift (6.5.12)
  - KeyboardListener (1.0.0)
  - SnapKit (5.6.0)
  - SwiftBrick (2.4.5):
    - SwiftBrick/BaseCell (= 2.4.5)
    - SwiftBrick/BaseVC (= 2.4.5)
    - SwiftBrick/Extensions (= 2.4.5)
    - SwiftBrick/Util (= 2.4.5)
    - SwiftBrick/ViewFactory (= 2.4.5)
  - SwiftBrick/BaseCell (2.4.5):
    - SwiftBrick/Extensions
  - SwiftBrick/BaseVC (2.4.5):
    - SwiftBrick/BaseCell
    - SwiftBrick/Extensions
    - SwiftBrick/Util
  - SwiftBrick/Extensions (2.4.5):
    - SwiftBrick/Util
  - SwiftBrick/Util (2.4.5)
  - SwiftBrick/ViewFactory (2.4.5):
    - SwiftBrick/Extensions
    - SwiftBrick/Util
  - SwiftShow/Presentation (0.7.6):
    - SwiftShow/Show
  - SwiftShow/Show (0.7.6):
    - SnapKit
  - SwiftyAttributes (5.3.0)

DEPENDENCIES:
  - IQKeyboardManagerSwift
  - KeyboardListener
  - SwiftBrick
  - SwiftShow/Presentation (from `../`)
  - SwiftyAttributes

SPEC REPOS:
  trunk:
    - IQKeyboardManagerSwift
    - KeyboardListener
    - SnapKit
    - SwiftBrick
    - SwiftyAttributes

EXTERNAL SOURCES:
  SwiftShow:
    :path: "../"

SPEC CHECKSUMS:
  IQKeyboardManagerSwift: 371b08cb39664fb56030f5345c815a4ffc74bbc0
  KeyboardListener: c1a795cde8f7ce0d137d3c58763890c5e8ac1d72
  SnapKit: e01d52ebb8ddbc333eefe2132acf85c8227d9c25
  SwiftBrick: 090b0bcb85d73850919d0a74892a4f145be71a9d
  SwiftShow: 0ddd6bfc324fdac66f9745e42d4bde3583fdcf0b
  SwiftyAttributes: 6d7386e90ac611b6acac8b59e38f34bfa4621c80

PODFILE CHECKSUM: cb9490692890dc532be1ba5c43af66f5e410a3c1

COCOAPODS: 1.12.1
