PODS:
  - JHButton_Swift (1.0.0):
    - SnapKit
  - SnapKit (5.0.1)
  - SwiftBrick (0.6.0):
    - SwiftBrick/BaseVC (= 0.6.0)
    - SwiftBrick/Extensions (= 0.6.0)
    - SwiftBrick/SnapKit (= 0.6.0)
    - SwiftBrick/Utility (= 0.6.0)
  - SwiftBrick/BaseVC (0.6.0):
    - SnapKit
    - SwiftBrick/Utility
  - SwiftBrick/Extensions (0.6.0)
  - SwiftBrick/SnapKit (0.6.0):
    - SnapKit
  - SwiftBrick/Utility (0.6.0)

DEPENDENCIES:
  - JHButton_Swift
  - SwiftBrick

SPEC REPOS:
  trunk:
    - JHButton_Swift
    - SnapKit
    - SwiftBrick

SPEC CHECKSUMS:
  JHButton_Swift: 5fbcbd85ae3b16aef6519ed137b441a4ba27cb3e
  SnapKit: 97b92857e3df3a0c71833cce143274bf6ef8e5eb
  SwiftBrick: 90fa0f903ae0925f725103589d482611e79208c4

PODFILE CHECKSUM: 79d5d09e7eea73f37ca79f0067c636cb325e9c49

COCOAPODS: 1.9.1
