PODS:
  - SnapKit (5.6.0)
  - SwiftBrick (1.9.6):
    - SnapKit
    - SwiftBrick/BaseCell (= 1.9.6)
    - SwiftBrick/BaseVC (= 1.9.6)
    - SwiftBrick/Extensions (= 1.9.6)
    - SwiftBrick/Util (= 1.9.6)
    - SwiftBrick/ViewFactory (= 1.9.6)
  - SwiftBrick/BaseCell (1.9.6):
    - SnapKit
    - SwiftBrick/Extensions
  - SwiftBrick/BaseVC (1.9.6):
    - SnapKit
    - SwiftBrick/BaseCell
    - SwiftBrick/Extensions
    - SwiftBrick/Util
  - SwiftBrick/Extensions (1.9.6):
    - SnapKit
    - SwiftBrick/Util
  - SwiftBrick/Util (1.9.6):
    - SnapKit
  - SwiftBrick/ViewFactory (1.9.6):
    - SnapKit
    - SwiftBrick/Extensions
    - SwiftBrick/Util
  - SwiftyAttributes (5.1.1)

DEPENDENCIES:
  - SwiftBrick
  - SwiftyAttributes

SPEC REPOS:
  trunk:
    - SnapKit
    - SwiftBrick
    - SwiftyAttributes

SPEC CHECKSUMS:
  SnapKit: e01d52ebb8ddbc333eefe2132acf85c8227d9c25
  SwiftBrick: 18007c752e4ae6535a237f57f3a0bf60b89966d4
  SwiftyAttributes: e3e13891ddac3c62b3d7798d5c3969cea88e62bb

PODFILE CHECKSUM: d71e85f755fc4777527f8cdd4db6e573479beab5

COCOAPODS: 1.11.3
