PODS:
  - SnapKit (5.0.1)
  - SwiftBrick (1.5.2):
    - SnapKit
    - SwiftBrick/BaseCell (= 1.5.2)
    - SwiftBrick/BaseVC (= 1.5.2)
    - SwiftBrick/Extensions (= 1.5.2)
    - SwiftBrick/Util (= 1.5.2)
    - SwiftBrick/ViewFactory (= 1.5.2)
  - SwiftBrick/BaseCell (1.5.2):
    - SnapKit
    - SwiftBrick/Extensions
  - SwiftBrick/BaseVC (1.5.2):
    - SnapKit
    - SwiftBrick/BaseCell
    - SwiftBrick/Extensions
    - SwiftBrick/Util
  - SwiftBrick/Extensions (1.5.2):
    - SnapKit
    - SwiftBrick/Util
  - SwiftBrick/Util (1.5.2):
    - SnapKit
  - SwiftBrick/ViewFactory (1.5.2):
    - SnapKit
    - SwiftBrick/Extensions
    - SwiftBrick/Util
  - SwiftButton (1.0.2):
    - SnapKit

DEPENDENCIES:
  - SwiftBrick
  - SwiftButton

SPEC REPOS:
  trunk:
    - SnapKit
    - SwiftBrick
    - SwiftButton

SPEC CHECKSUMS:
  SnapKit: 97b92857e3df3a0c71833cce143274bf6ef8e5eb
  SwiftBrick: 8c12d7f0307b841956b62e314ee04b643d7afb2b
  SwiftButton: 10ef7a38c71f9c299a53428d4536e321fd1e31f4

PODFILE CHECKSUM: 429c690a43b724e93e6ca5467b28ee74df337c6c

COCOAPODS: 1.10.0.rc.1
